
Microsoft Visual Studio Solution File, Format Version 12.00
# Visual Studio Version 17
VisualStudioVersion = 17.5.33516.290
MinimumVisualStudioVersion = 10.0.40219.1
Project("{9A19103F-16F7-4668-BE54-9A1E7A4F7556}") = "MotorbikeAPI", "MotorbikeAPI\MotorbikeAPI.csproj", "{D3E55149-0A5A-4640-BF2C-BE1E806D798A}"
EndProject
Global
	GlobalSection(SolutionConfigurationPlatforms) = preSolution
		Debug|Any CPU = Debug|Any CPU
		Release|Any CPU = Release|Any CPU
	EndGlobalSection
	GlobalSection(ProjectConfigurationPlatforms) = postSolution
		{D3E55149-0A5A-4640-BF2C-BE1E806D798A}.Debug|Any CPU.ActiveCfg = Debug|Any CPU
		{D3E55149-0A5A-4640-BF2C-BE1E806D798A}.Debug|Any CPU.Build.0 = Debug|Any CPU
		{D3E55149-0A5A-4640-BF2C-BE1E806D798A}.Release|Any CPU.ActiveCfg = Release|Any CPU
		{D3E55149-0A5A-4640-BF2C-BE1E806D798A}.Release|Any CPU.Build.0 = Release|Any CPU
	EndGlobalSection
	GlobalSection(SolutionProperties) = preSolution
		HideSolutionNode = FALSE
	EndGlobalSection
	GlobalSection(ExtensibilityGlobals) = postSolution
		SolutionGuid = {8BFB73E1-386B-48BB-8DDC-95DF17F4F3EE}
	EndGlobalSection
EndGlobal
